{
  "name": "movin-africa-ventures",
  "lockfileVersion": 3,
  "requires": true,
  "packages": {
    "": {
      "dependencies": {
        "@react-icons/all-files": "^4.1.0",
        "@types/react-no-ssr": "^1.1.3",
        "react": "^18.2.0"
      },
      "devDependencies": {
        "@types/react-alice-carousel": "^1.15.3"
      }
    },
    "node_modules/@react-icons/all-files": {
      "version": "4.1.0",
      "resolved": "https://registry.npmjs.org/@react-icons/all-files/-/all-files-4.1.0.tgz",
      "integrity": "sha512-hxBI2UOuVaI3O/BhQfhtb4kcGn9ft12RWAFVMUeNjqqhLsHvFtzIkFaptBJpFDANTKoDfdVoHTKZDlwKCACbMQ==",
      "license": "MIT",
      "peerDependencies": {
        "react": "*"
      }
    },
    "node_modules/@types/prop-types": {
      "version": "15.7.5",
      "resolved": "https://registry.npmjs.org/@types/prop-types/-/prop-types-15.7.5.tgz",
      "integrity": "sha512-JCB8C6SnDoQf0cNycqd/35A7MjcnK+ZTqE7judS6o7utxUCg6imJg3QK2qzHKszlTjcj2cn+NwMB2i96ubpj7w=="
    },
    "node_modules/@types/react": {
      "version": "18.0.35",
      "resolved": "https://registry.npmjs.org/@types/react/-/react-18.0.35.tgz",
      "integrity": "sha512-6Laome31HpetaIUGFWl1VQ3mdSImwxtFZ39rh059a1MNnKGqBpC88J6NJ8n/Is3Qx7CefDGLgf/KhN/sYCf7ag==",
      "dependencies": {
        "@types/prop-types": "*",
        "@types/scheduler": "*",
        "csstype": "^3.0.2"
      }
    },
    "node_modules/@types/react-alice-carousel": {
      "version": "1.15.3",
      "resolved": "https://registry.npmjs.org/@types/react-alice-carousel/-/react-alice-carousel-1.15.3.tgz",
      "integrity": "sha512-3tv5HALFTjS7ixUbBzkvEn7aDqPMxoYZkcISbkV58utCUNwJDznhKC/b+qqZv4SXMdRHGT1uU0U476OduKXwwg==",
      "dev": true,
      "license": "MIT",
      "dependencies": {
        "react-alice-carousel": "*"
      }
    },
    "node_modules/@types/react-no-ssr": {
      "version": "1.1.3",
      "resolved": "https://registry.npmjs.org/@types/react-no-ssr/-/react-no-ssr-1.1.3.tgz",
      "integrity": "sha512-uMR17qGISe0qTTiVFuRfatP+9plEe/Q0beQ47xy0OXatwb3Z2bEj3OW7FC+9PVqCYEsfR4b01LU9tXw2urzBzw==",
      "dependencies": {
        "@types/react": "*"
      }
    },
    "node_modules/@types/scheduler": {
      "version": "0.16.3",
      "resolved": "https://registry.npmjs.org/@types/scheduler/-/scheduler-0.16.3.tgz",
      "integrity": "sha512-5cJ8CB4yAx7BH1oMvdU0Jh9lrEXyPkar6F9G/ERswkCuvP4KQZfZkSjcMbAICCpQTN4OuZn8tz0HiKv9TGZgrQ=="
    },
    "node_modules/csstype": {
      "version": "3.1.2",
      "resolved": "https://registry.npmjs.org/csstype/-/csstype-3.1.2.tgz",
      "integrity": "sha512-I7K1Uu0MBPzaFKg4nI5Q7Vs2t+3gWWW648spaF+Rg7pI9ds18Ugn+lvg4SHczUdKlHI5LWBXyqfS8+DufyBsgQ=="
    },
    "node_modules/js-tokens": {
      "version": "4.0.0",
      "resolved": "https://registry.npmjs.org/js-tokens/-/js-tokens-4.0.0.tgz",
      "integrity": "sha512-RdJUflcE3cUzKiMqQgsCu06FPu9UdIJO0beYbPhHN4k6apgJtifcoCtT9bcxOpYBtpD2kCM6Sbzg4CausW/PKQ==",
      "license": "MIT"
    },
    "node_modules/loose-envify": {
      "version": "1.4.0",
      "resolved": "https://registry.npmjs.org/loose-envify/-/loose-envify-1.4.0.tgz",
      "integrity": "sha512-lyuxPGr/Wfhrlem2CL/UcnUc1zcqKAImBDzukY7Y5F/yQiNdko6+fRLevlw1HgMySw7f611UIY408EtxRSoK3Q==",
      "license": "MIT",
      "dependencies": {
        "js-tokens": "^3.0.0 || ^4.0.0"
      },
      "bin": {
        "loose-envify": "cli.js"
      }
    },
    "node_modules/react": {
      "version": "18.2.0",
      "resolved": "https://registry.npmjs.org/react/-/react-18.2.0.tgz",
      "integrity": "sha512-/3IjMdb2L9QbBdWiW5e3P2/npwMBaU9mHCSCUzNln0ZCYbcfTsGbTJrU/kGemdH2IWmB2ioZ+zkxtmq6g09fGQ==",
      "license": "MIT",
      "dependencies": {
        "loose-envify": "^1.1.0"
      },
      "engines": {
        "node": ">=0.10.0"
      }
    },
    "node_modules/react-alice-carousel": {
      "version": "2.7.1",
      "resolved": "https://registry.npmjs.org/react-alice-carousel/-/react-alice-carousel-2.7.1.tgz",
      "integrity": "sha512-8ljKi5y+eqlsRkO4qRxEXIP0067w/4zvZvpJ66w+eAbeF0hIgC3iLeSmVtNc+F6ISzFsEJX0cOx7jIawXs0G8A==",
      "dev": true,
      "license": "MIT",
      "dependencies": {
        "vanilla-swipe": "^2.4.1"
      },
      "peerDependencies": {
        "react": ">=15.4"
      }
    },
    "node_modules/vanilla-swipe": {
      "version": "2.4.1",
      "resolved": "https://registry.npmjs.org/vanilla-swipe/-/vanilla-swipe-2.4.1.tgz",
      "integrity": "sha512-o6pfI0dipet88ZnPLV4Jx04Ia+U3xANh14vhROW2TOe/mrwk2JGG68+Z0BPoD1YUcQQEnK4SZBXkqFe+K1l7/w==",
      "dev": true,
      "license": "MIT"
    }
  }
}
