# THIS IS AN AUTOGENERATED FILE. DO NOT EDIT THIS FILE DIRECTLY.
# yarn lockfile v1


"@react-icons/all-files@^4.1.0":
  version "4.1.0"
  resolved "https://registry.yarnpkg.com/@react-icons/all-files/-/all-files-4.1.0.tgz#477284873a0821928224b6fc84c62d2534d6650b"
  integrity sha512-hxBI2UOuVaI3O/BhQfhtb4kcGn9ft12RWAFVMUeNjqqhLsHvFtzIkFaptBJpFDANTKoDfdVoHTKZDlwKCACbMQ==

"@types/react-alice-carousel@^1.15.3":
  version "1.15.3"
  resolved "https://registry.yarnpkg.com/@types/react-alice-carousel/-/react-alice-carousel-1.15.3.tgz#e581096b3867c025bbe842e4f2af5b239dc6df62"
  integrity sha512-3tv5HALFTjS7ixUbBzkvEn7aDqPMxoYZkcISbkV58utCUNwJDznhKC/b+qqZv4SXMdRHGT1uU0U476OduKXwwg==
  dependencies:
    react-alice-carousel "*"

"js-tokens@^3.0.0 || ^4.0.0":
  version "4.0.0"
  resolved "https://registry.yarnpkg.com/js-tokens/-/js-tokens-4.0.0.tgz#19203fb59991df98e3a287050d4647cdeaf32499"
  integrity sha512-RdJUflcE3cUzKiMqQgsCu06FPu9UdIJO0beYbPhHN4k6apgJtifcoCtT9bcxOpYBtpD2kCM6Sbzg4CausW/PKQ==

loose-envify@^1.1.0:
  version "1.4.0"
  resolved "https://registry.yarnpkg.com/loose-envify/-/loose-envify-1.4.0.tgz#71ee51fa7be4caec1a63839f7e682d8132d30caf"
  integrity sha512-lyuxPGr/Wfhrlem2CL/UcnUc1zcqKAImBDzukY7Y5F/yQiNdko6+fRLevlw1HgMySw7f611UIY408EtxRSoK3Q==
  dependencies:
    js-tokens "^3.0.0 || ^4.0.0"

react-alice-carousel@*:
  version "2.7.1"
  resolved "https://registry.yarnpkg.com/react-alice-carousel/-/react-alice-carousel-2.7.1.tgz#0a92db78535d2d7e010633f39dd483f44dc8cfae"
  integrity sha512-8ljKi5y+eqlsRkO4qRxEXIP0067w/4zvZvpJ66w+eAbeF0hIgC3iLeSmVtNc+F6ISzFsEJX0cOx7jIawXs0G8A==
  dependencies:
    vanilla-swipe "^2.4.1"

react@^18.2.0:
  version "18.2.0"
  resolved "https://registry.yarnpkg.com/react/-/react-18.2.0.tgz#555bd98592883255fa00de14f1151a917b5d77d5"
  integrity sha512-/3IjMdb2L9QbBdWiW5e3P2/npwMBaU9mHCSCUzNln0ZCYbcfTsGbTJrU/kGemdH2IWmB2ioZ+zkxtmq6g09fGQ==
  dependencies:
    loose-envify "^1.1.0"

vanilla-swipe@^2.4.1:
  version "2.4.1"
  resolved "https://registry.yarnpkg.com/vanilla-swipe/-/vanilla-swipe-2.4.1.tgz#697d58bde3729db3c80fd3de488a54a8eae05664"
  integrity sha512-o6pfI0dipet88ZnPLV4Jx04Ia+U3xANh14vhROW2TOe/mrwk2JGG68+Z0BPoD1YUcQQEnK4SZBXkqFe+K1l7/w==
