# THIS IS AN AUTOGENERATED FILE. DO NOT EDIT THIS FILE DIRECTLY.
# yarn lockfile v1


"@react-icons/all-files@^4.1.0":
  version "4.1.0"
  resolved "https://registry.npmjs.org/@react-icons/all-files/-/all-files-4.1.0.tgz"
  integrity sha512-hxBI2UOuVaI3O/BhQfhtb4kcGn9ft12RWAFVMUeNjqqhLsHvFtzIkFaptBJpFDANTKoDfdVoHTKZDlwKCACbMQ==

"@types/prop-types@*":
  version "15.7.5"
  resolved "https://registry.npmjs.org/@types/prop-types/-/prop-types-15.7.5.tgz"
  integrity sha512-JCB8C6SnDoQf0cNycqd/35A7MjcnK+ZTqE7judS6o7utxUCg6imJg3QK2qzHKszlTjcj2cn+NwMB2i96ubpj7w==

"@types/react-alice-carousel@^1.15.3":
  version "1.15.3"
  resolved "https://registry.npmjs.org/@types/react-alice-carousel/-/react-alice-carousel-1.15.3.tgz"
  integrity sha512-3tv5HALFTjS7ixUbBzkvEn7aDqPMxoYZkcISbkV58utCUNwJDznhKC/b+qqZv4SXMdRHGT1uU0U476OduKXwwg==
  dependencies:
    react-alice-carousel "*"

"@types/react-no-ssr@^1.1.3":
  version "1.1.3"
  resolved "https://registry.yarnpkg.com/@types/react-no-ssr/-/react-no-ssr-1.1.3.tgz#895baced8f49e270289c8ad11be1a4a50328d243"
  integrity sha512-uMR17qGISe0qTTiVFuRfatP+9plEe/Q0beQ47xy0OXatwb3Z2bEj3OW7FC+9PVqCYEsfR4b01LU9tXw2urzBzw==
  dependencies:
    "@types/react" "*"

"@types/react@*":
  version "18.0.35"
  resolved "https://registry.npmjs.org/@types/react/-/react-18.0.35.tgz"
  integrity sha512-6Laome31HpetaIUGFWl1VQ3mdSImwxtFZ39rh059a1MNnKGqBpC88J6NJ8n/Is3Qx7CefDGLgf/KhN/sYCf7ag==
  dependencies:
    "@types/prop-types" "*"
    "@types/scheduler" "*"
    csstype "^3.0.2"

"@types/scheduler@*":
  version "0.16.3"
  resolved "https://registry.npmjs.org/@types/scheduler/-/scheduler-0.16.3.tgz"
  integrity sha512-5cJ8CB4yAx7BH1oMvdU0Jh9lrEXyPkar6F9G/ERswkCuvP4KQZfZkSjcMbAICCpQTN4OuZn8tz0HiKv9TGZgrQ==

babel-runtime@6.x.x:
  version "6.26.0"
  resolved "https://registry.yarnpkg.com/babel-runtime/-/babel-runtime-6.26.0.tgz#965c7058668e82b55d7bfe04ff2337bc8b5647fe"
  integrity sha512-ITKNuq2wKlW1fJg9sSW52eepoYgZBggvOAHC0u/CYu/qxQ9EVzThCgR69BnSXLHjy2f7SY5zaQ4yt7H9ZVxY2g==
  dependencies:
    core-js "^2.4.0"
    regenerator-runtime "^0.11.0"

core-js@^2.4.0:
  version "2.6.12"
  resolved "https://registry.yarnpkg.com/core-js/-/core-js-2.6.12.tgz#d9333dfa7b065e347cc5682219d6f690859cc2ec"
  integrity sha512-Kb2wC0fvsWfQrgk8HU5lW6U/Lcs8+9aaYcy4ZFc6DDlo4nZ7n70dEgE5rtR0oG6ufKDUnrwfWL1mXR5ljDatrQ==

csstype@^3.0.2:
  version "3.1.2"
  resolved "https://registry.npmjs.org/csstype/-/csstype-3.1.2.tgz"
  integrity sha512-I7K1Uu0MBPzaFKg4nI5Q7Vs2t+3gWWW648spaF+Rg7pI9ds18Ugn+lvg4SHczUdKlHI5LWBXyqfS8+DufyBsgQ==

"js-tokens@^3.0.0 || ^4.0.0":
  version "4.0.0"
  resolved "https://registry.npmjs.org/js-tokens/-/js-tokens-4.0.0.tgz"
  integrity sha512-RdJUflcE3cUzKiMqQgsCu06FPu9UdIJO0beYbPhHN4k6apgJtifcoCtT9bcxOpYBtpD2kCM6Sbzg4CausW/PKQ==

loose-envify@^1.1.0:
  version "1.4.0"
  resolved "https://registry.npmjs.org/loose-envify/-/loose-envify-1.4.0.tgz"
  integrity sha512-lyuxPGr/Wfhrlem2CL/UcnUc1zcqKAImBDzukY7Y5F/yQiNdko6+fRLevlw1HgMySw7f611UIY408EtxRSoK3Q==
  dependencies:
    js-tokens "^3.0.0 || ^4.0.0"

react-alice-carousel@*:
  version "2.7.1"
  resolved "https://registry.npmjs.org/react-alice-carousel/-/react-alice-carousel-2.7.1.tgz"
  integrity sha512-8ljKi5y+eqlsRkO4qRxEXIP0067w/4zvZvpJ66w+eAbeF0hIgC3iLeSmVtNc+F6ISzFsEJX0cOx7jIawXs0G8A==
  dependencies:
    vanilla-swipe "^2.4.1"

react-no-ssr@^1.1.0:
  version "1.1.0"
  resolved "https://registry.yarnpkg.com/react-no-ssr/-/react-no-ssr-1.1.0.tgz#313b48d2e26020f969ed98e472f10481604e3cc8"
  integrity sha512-3td8iPIEFKWXOJ3Ar5xURvZAsv/aIlngJLBH6fP5QC3WhsfuO2pn7WQR0ZlkTE0puWCL0RDEvXtOfAg4qMp+xA==
  dependencies:
    babel-runtime "6.x.x"

react@^18.2.0:
  version "18.2.0"
  resolved "https://registry.npmjs.org/react/-/react-18.2.0.tgz"
  integrity sha512-/3IjMdb2L9QbBdWiW5e3P2/npwMBaU9mHCSCUzNln0ZCYbcfTsGbTJrU/kGemdH2IWmB2ioZ+zkxtmq6g09fGQ==
  dependencies:
    loose-envify "^1.1.0"

regenerator-runtime@^0.11.0:
  version "0.11.1"
  resolved "https://registry.yarnpkg.com/regenerator-runtime/-/regenerator-runtime-0.11.1.tgz#be05ad7f9bf7d22e056f9726cee5017fbf19e2e9"
  integrity sha512-MguG95oij0fC3QV3URf4V2SDYGJhJnJGqvIIgdECeODCT98wSWDAJ94SSuVpYQUoTcGUIL6L4yNB7j1DFFHSBg==

vanilla-swipe@^2.4.1:
  version "2.4.1"
  resolved "https://registry.npmjs.org/vanilla-swipe/-/vanilla-swipe-2.4.1.tgz"
  integrity sha512-o6pfI0dipet88ZnPLV4Jx04Ia+U3xANh14vhROW2TOe/mrwk2JGG68+Z0BPoD1YUcQQEnK4SZBXkqFe+K1l7/w==
